// !$*UTF8*$!
{
	archiveVersion = 1;
	classes = {
	};
	objectVersion = 50;
	objects = {

/* Begin PBXBuildFile section */
		FD6C096D249B6E6F003DCABA /* AppDelegate.m in Sources */ = {isa = PBXBuildFile; fileRef = FD6C096C249B6E6F003DCABA /* AppDelegate.m */; };
		FD6C0970249B6E6F003DCABA /* SceneDelegate.m in Sources */ = {isa = PBXBuildFile; fileRef = FD6C096F249B6E6F003DCABA /* SceneDelegate.m */; };
		FD6C0973249B6E6F003DCABA /* ViewController.m in Sources */ = {isa = PBXBuildFile; fileRef = FD6C0972249B6E6F003DCABA /* ViewController.m */; };
		FD6C0976249B6E6F003DCABA /* Main.storyboard in Resources */ = {isa = PBXBuildFile; fileRef = FD6C0974249B6E6F003DCABA /* Main.storyboard */; };
		FD6C0978249B6E84003DCABA /* Assets.xcassets in Resources */ = {isa = PBXBuildFile; fileRef = FD6C0977249B6E84003DCABA /* Assets.xcassets */; };
		FD6C097B249B6E84003DCABA /* LaunchScreen.storyboard in Resources */ = {isa = PBXBuildFile; fileRef = FD6C0979249B6E84003DCABA /* LaunchScreen.storyboard */; };
		FD6C097E249B6E84003DCABA /* main.m in Sources */ = {isa = PBXBuildFile; fileRef = FD6C097D249B6E84003DCABA /* main.m */; };
/* End PBXBuildFile section */

/* Begin PBXFileReference section */
		FD6C0968249B6E6F003DCABA /* VerticalScrollViewDemo.app */ = {isa = PBXFileReference; explicitFileType = wrapper.application; includeInIndex = 0; path = VerticalScrollViewDemo.app; sourceTree = BUILT_PRODUCTS_DIR; };
		FD6C096B249B6E6F003DCABA /* AppDelegate.h */ = {isa = PBXFileReference; lastKnownFileType = sourcecode.c.h; path = AppDelegate.h; sourceTree = "<group>"; };
		FD6C096C249B6E6F003DCABA /* AppDelegate.m */ = {isa = PBXFileReference; lastKnownFileType = sourcecode.c.objc; path = AppDelegate.m; sourceTree = "<group>"; };
		FD6C096E249B6E6F003DCABA /* SceneDelegate.h */ = {isa = PBXFileReference; lastKnownFileType = sourcecode.c.h; path = SceneDelegate.h; sourceTree = "<group>"; };
		FD6C096F249B6E6F003DCABA /* SceneDelegate.m */ = {isa = PBXFileReference; lastKnownFileType = sourcecode.c.objc; path = SceneDelegate.m; sourceTree = "<group>"; };
		FD6C0971249B6E6F003DCABA /* ViewController.h */ = {isa = PBXFileReference; lastKnownFileType = sourcecode.c.h; path = ViewController.h; sourceTree = "<group>"; };
		FD6C0972249B6E6F003DCABA /* ViewController.m */ = {isa = PBXFileReference; lastKnownFileType = sourcecode.c.objc; path = ViewController.m; sourceTree = "<group>"; };
		FD6C0975249B6E6F003DCABA /* Base */ = {isa = PBXFileReference; lastKnownFileType = file.storyboard; name = Base; path = Base.lproj/Main.storyboard; sourceTree = "<group>"; };
		FD6C0977249B6E84003DCABA /* Assets.xcassets */ = {isa = PBXFileReference; lastKnownFileType = folder.assetcatalog; path = Assets.xcassets; sourceTree = "<group>"; };
		FD6C097A249B6E84003DCABA /* Base */ = {isa = PBXFileReference; lastKnownFileType = file.storyboard; name = Base; path = Base.lproj/LaunchScreen.storyboard; sourceTree = "<group>"; };
		FD6C097C249B6E84003DCABA /* Info.plist */ = {isa = PBXFileReference; lastKnownFileType = text.plist.xml; path = Info.plist; sourceTree = "<group>"; };
		FD6C097D249B6E84003DCABA /* main.m */ = {isa = PBXFileReference; lastKnownFileType = sourcecode.c.objc; path = main.m; sourceTree = "<group>"; };
/* End PBXFileReference section */

/* Begin PBXFrameworksBuildPhase section */
		FD6C0965249B6E6F003DCABA /* Frameworks */ = {
			isa = PBXFrameworksBuildPhase;
			buildActionMask = 2147483647;
			files = (
			);
			runOnlyForDeploymentPostprocessing = 0;
		};
/* End PBXFrameworksBuildPhase section */

/* Begin PBXGroup section */
		FD6C095F249B6E6F003DCABA = {
			isa = PBXGroup;
			children = (
				FD6C096A249B6E6F003DCABA /* VerticalScrollViewDemo */,
				FD6C0969249B6E6F003DCABA /* Products */,
			);
			sourceTree = "<group>";
		};
		FD6C0969249B6E6F003DCABA /* Products */ = {
			isa = PBXGroup;
			children = (
				FD6C0968249B6E6F003DCABA /* VerticalScrollViewDemo.app */,
			);
			name = Products;
			sourceTree = "<group>";
		};
		FD6C096A249B6E6F003DCABA /* VerticalScrollViewDemo */ = {
			isa = PBXGroup;
			children = (
				FD6C096B249B6E6F003DCABA /* AppDelegate.h */,
				FD6C096C249B6E6F003DCABA /* AppDelegate.m */,
				FD6C096E249B6E6F003DCABA /* SceneDelegate.h */,
				FD6C096F249B6E6F003DCABA /* SceneDelegate.m */,
				FD6C0971249B6E6F003DCABA /* ViewController.h */,
				FD6C0972249B6E6F003DCABA /* ViewController.m */,
				FD6C0974249B6E6F003DCABA /* Main.storyboard */,
				FD6C0977249B6E84003DCABA /* Assets.xcassets */,
				FD6C0979249B6E84003DCABA /* LaunchScreen.storyboard */,
				FD6C097C249B6E84003DCABA /* Info.plist */,
				FD6C097D249B6E84003DCABA /* main.m */,
			);
			path = VerticalScrollViewDemo;
			sourceTree = "<group>";
		};
/* End PBXGroup section */

/* Begin PBXNativeTarget section */
		FD6C0967249B6E6F003DCABA /* VerticalScrollViewDemo */ = {
			isa = PBXNativeTarget;
			buildConfigurationList = FD6C0981249B6E84003DCABA /* Build configuration list for PBXNativeTarget "VerticalScrollViewDemo" */;
			buildPhases = (
				FD6C0964249B6E6F003DCABA /* Sources */,
				FD6C0965249B6E6F003DCABA /* Frameworks */,
				FD6C0966249B6E6F003DCABA /* Resources */,
			);
			buildRules = (
			);
			dependencies = (
			);
			name = VerticalScrollViewDemo;
			productName = VerticalScrollViewDemo;
			productReference = FD6C0968249B6E6F003DCABA /* VerticalScrollViewDemo.app */;
			productType = "com.apple.product-type.application";
		};
/* End PBXNativeTarget section */

/* Begin PBXProject section */
		FD6C0960249B6E6F003DCABA /* Project object */ = {
			isa = PBXProject;
			attributes = {
				LastUpgradeCheck = 1130;
				ORGANIZATIONNAME = goviewtech;
				TargetAttributes = {
					FD6C0967249B6E6F003DCABA = {
						CreatedOnToolsVersion = 11.3.1;
					};
				};
			};
			buildConfigurationList = FD6C0963249B6E6F003DCABA /* Build configuration list for PBXProject "VerticalScrollViewDemo" */;
			compatibilityVersion = "Xcode 9.3";
			developmentRegion = en;
			hasScannedForEncodings = 0;
			knownRegions = (
				en,
				Base,
			);
			mainGroup = FD6C095F249B6E6F003DCABA;
			productRefGroup = FD6C0969249B6E6F003DCABA /* Products */;
			projectDirPath = "";
			projectRoot = "";
			targets = (
				FD6C0967249B6E6F003DCABA /* VerticalScrollViewDemo */,
			);
		};
/* End PBXProject section */

/* Begin PBXResourcesBuildPhase section */
		FD6C0966249B6E6F003DCABA /* Resources */ = {
			isa = PBXResourcesBuildPhase;
			buildActionMask = 2147483647;
			files = (
				FD6C097B249B6E84003DCABA /* LaunchScreen.storyboard in Resources */,
				FD6C0978249B6E84003DCABA /* Assets.xcassets in Resources */,
				FD6C0976249B6E6F003DCABA /* Main.storyboard in Resources */,
			);
			runOnlyForDeploymentPostprocessing = 0;
		};
/* End PBXResourcesBuildPhase section */

/* Begin PBXSourcesBuildPhase section */
		FD6C0964249B6E6F003DCABA /* Sources */ = {
			isa = PBXSourcesBuildPhase;
			buildActionMask = 2147483647;
			files = (
				FD6C0973249B6E6F003DCABA /* ViewController.m in Sources */,
				FD6C096D249B6E6F003DCABA /* AppDelegate.m in Sources */,
				FD6C097E249B6E84003DCABA /* main.m in Sources */,
				FD6C0970249B6E6F003DCABA /* SceneDelegate.m in Sources */,
			);
			runOnlyForDeploymentPostprocessing = 0;
		};
/* End PBXSourcesBuildPhase section */

/* Begin PBXVariantGroup section */
		FD6C0974249B6E6F003DCABA /* Main.storyboard */ = {
			isa = PBXVariantGroup;
			children = (
				FD6C0975249B6E6F003DCABA /* Base */,
			);
			name = Main.storyboard;
			sourceTree = "<group>";
		};
		FD6C0979249B6E84003DCABA /* LaunchScreen.storyboard */ = {
			isa = PBXVariantGroup;
			children = (
				FD6C097A249B6E84003DCABA /* Base */,
			);
			name = LaunchScreen.storyboard;
			sourceTree = "<group>";
		};
/* End PBXVariantGroup section */

/* Begin XCBuildConfiguration section */
		FD6C097F249B6E84003DCABA /* Debug */ = {
			isa = XCBuildConfiguration;
			buildSettings = {
				ALWAYS_SEARCH_USER_PATHS = NO;
				CLANG_ANALYZER_NONNULL = YES;
				CLANG_ANALYZER_NUMBER_OBJECT_CONVERSION = YES_AGGRESSIVE;
				CLANG_CXX_LANGUAGE_STANDARD = "gnu++14";
				CLANG_CXX_LIBRARY = "libc++";
				CLANG_ENABLE_MODULES = YES;
				CLANG_ENABLE_OBJC_ARC = YES;
				CLANG_ENABLE_OBJC_WEAK = YES;
				CLANG_WARN_BLOCK_CAPTURE_AUTORELEASING = YES;
				CLANG_WARN_BOOL_CONVERSION = YES;
				CLANG_WARN_COMMA = YES;
				CLANG_WARN_CONSTANT_CONVERSION = YES;
				CLANG_WARN_DEPRECATED_OBJC_IMPLEMENTATIONS = YES;
				CLANG_WARN_DIRECT_OBJC_ISA_USAGE = YES_ERROR;
				CLANG_WARN_DOCUMENTATION_COMMENTS = YES;
				CLANG_WARN_EMPTY_BODY = YES;
				CLANG_WARN_ENUM_CONVERSION = YES;
				CLANG_WARN_INFINITE_RECURSION = YES;
				CLANG_WARN_INT_CONVERSION = YES;
				CLANG_WARN_NON_LITERAL_NULL_CONVERSION = YES;
				CLANG_WARN_OBJC_IMPLICIT_RETAIN_SELF = YES;
				CLANG_WARN_OBJC_LITERAL_CONVERSION = YES;
				CLANG_WARN_OBJC_ROOT_CLASS = YES_ERROR;
				CLANG_WARN_RANGE_LOOP_ANALYSIS = YES;
				CLANG_WARN_STRICT_PROTOTYPES = YES;
				CLANG_WARN_SUSPICIOUS_MOVE = YES;
				CLANG_WARN_UNGUARDED_AVAILABILITY = YES_AGGRESSIVE;
				CLANG_WARN_UNREACHABLE_CODE = YES;
				CLANG_WARN__DUPLICATE_METHOD_MATCH = YES;
				COPY_PHASE_STRIP = NO;
				DEBUG_INFORMATION_FORMAT = dwarf;
				ENABLE_STRICT_OBJC_MSGSEND = YES;
				ENABLE_TESTABILITY = YES;
				GCC_C_LANGUAGE_STANDARD = gnu11;
				GCC_DYNAMIC_NO_PIC = NO;
				GCC_NO_COMMON_BLOCKS = YES;
				GCC_OPTIMIZATION_LEVEL = 0;
				GCC_PREPROCESSOR_DEFINITIONS = (
					"DEBUG=1",
					"$(inherited)",
				);
				GCC_WARN_64_TO_32_BIT_CONVERSION = YES;
				GCC_WARN_ABOUT_RETURN_TYPE = YES_ERROR;
				GCC_WARN_UNDECLARED_SELECTOR = YES;
				GCC_WARN_UNINITIALIZED_AUTOS = YES_AGGRESSIVE;
				GCC_WARN_UNUSED_FUNCTION = YES;
				GCC_WARN_UNUSED_VARIABLE = YES;
				IPHONEOS_DEPLOYMENT_TARGET = 13.2;
				MTL_ENABLE_DEBUG_INFO = INCLUDE_SOURCE;
				MTL_FAST_MATH = YES;
				ONLY_ACTIVE_ARCH = YES;
				SDKROOT = iphoneos;
			};
			name = Debug;
		};
		FD6C0980249B6E84003DCABA /* Release */ = {
			isa = XCBuildConfiguration;
			buildSettings = {
				ALWAYS_SEARCH_USER_PATHS = NO;
				CLANG_ANALYZER_NONNULL = YES;
				CLANG_ANALYZER_NUMBER_OBJECT_CONVERSION = YES_AGGRESSIVE;
				CLANG_CXX_LANGUAGE_STANDARD = "gnu++14";
				CLANG_CXX_LIBRARY = "libc++";
				CLANG_ENABLE_MODULES = YES;
				CLANG_ENABLE_OBJC_ARC = YES;
				CLANG_ENABLE_OBJC_WEAK = YES;
				CLANG_WARN_BLOCK_CAPTURE_AUTORELEASING = YES;
				CLANG_WARN_BOOL_CONVERSION = YES;
				CLANG_WARN_COMMA = YES;
				CLANG_WARN_CONSTANT_CONVERSION = YES;
				CLANG_WARN_DEPRECATED_OBJC_IMPLEMENTATIONS = YES;
				CLANG_WARN_DIRECT_OBJC_ISA_USAGE = YES_ERROR;
				CLANG_WARN_DOCUMENTATION_COMMENTS = YES;
				CLANG_WARN_EMPTY_BODY = YES;
				CLANG_WARN_ENUM_CONVERSION = YES;
				CLANG_WARN_INFINITE_RECURSION = YES;
				CLANG_WARN_INT_CONVERSION = YES;
				CLANG_WARN_NON_LITERAL_NULL_CONVERSION = YES;
				CLANG_WARN_OBJC_IMPLICIT_RETAIN_SELF = YES;
				CLANG_WARN_OBJC_LITERAL_CONVERSION = YES;
				CLANG_WARN_OBJC_ROOT_CLASS = YES_ERROR;
				CLANG_WARN_RANGE_LOOP_ANALYSIS = YES;
				CLANG_WARN_STRICT_PROTOTYPES = YES;
				CLANG_WARN_SUSPICIOUS_MOVE = YES;
				CLANG_WARN_UNGUARDED_AVAILABILITY = YES_AGGRESSIVE;
				CLANG_WARN_UNREACHABLE_CODE = YES;
				CLANG_WARN__DUPLICATE_METHOD_MATCH = YES;
				COPY_PHASE_STRIP = NO;
				DEBUG_INFORMATION_FORMAT = "dwarf-with-dsym";
				ENABLE_NS_ASSERTIONS = NO;
				ENABLE_STRICT_OBJC_MSGSEND = YES;
				GCC_C_LANGUAGE_STANDARD = gnu11;
				GCC_NO_COMMON_BLOCKS = YES;
				GCC_WARN_64_TO_32_BIT_CONVERSION = YES;
				GCC_WARN_ABOUT_RETURN_TYPE = YES_ERROR;
				GCC_WARN_UNDECLARED_SELECTOR = YES;
				GCC_WARN_UNINITIALIZED_AUTOS = YES_AGGRESSIVE;
				GCC_WARN_UNUSED_FUNCTION = YES;
				GCC_WARN_UNUSED_VARIABLE = YES;
				IPHONEOS_DEPLOYMENT_TARGET = 13.2;
				MTL_ENABLE_DEBUG_INFO = NO;
				MTL_FAST_MATH = YES;
				SDKROOT = iphoneos;
				VALIDATE_PRODUCT = YES;
			};
			name = Release;
		};
		FD6C0982249B6E84003DCABA /* Debug */ = {
			isa = XCBuildConfiguration;
			buildSettings = {
				ASSETCATALOG_COMPILER_APPICON_NAME = AppIcon;
				CODE_SIGN_STYLE = Automatic;
				DEVELOPMENT_TEAM = 965VX6GTWH;
				INFOPLIST_FILE = VerticalScrollViewDemo/Info.plist;
				LD_RUNPATH_SEARCH_PATHS = (
					"$(inherited)",
					"@executable_path/Frameworks",
				);
				PRODUCT_BUNDLE_IDENTIFIER = goviewtech.VerticalScrollViewDemo;
				PRODUCT_NAME = "$(TARGET_NAME)";
				TARGETED_DEVICE_FAMILY = "1,2";
			};
			name = Debug;
		};
		FD6C0983249B6E84003DCABA /* Release */ = {
			isa = XCBuildConfiguration;
			buildSettings = {
				ASSETCATALOG_COMPILER_APPICON_NAME = AppIcon;
				CODE_SIGN_STYLE = Automatic;
				DEVELOPMENT_TEAM = 965VX6GTWH;
				INFOPLIST_FILE = VerticalScrollViewDemo/Info.plist;
				LD_RUNPATH_SEARCH_PATHS = (
					"$(inherited)",
					"@executable_path/Frameworks",
				);
				PRODUCT_BUNDLE_IDENTIFIER = goviewtech.VerticalScrollViewDemo;
				PRODUCT_NAME = "$(TARGET_NAME)";
				TARGETED_DEVICE_FAMILY = "1,2";
			};
			name = Release;
		};
/* End XCBuildConfiguration section */

/* Begin XCConfigurationList section */
		FD6C0963249B6E6F003DCABA /* Build configuration list for PBXProject "VerticalScrollViewDemo" */ = {
			isa = XCConfigurationList;
			buildConfigurations = (
				FD6C097F249B6E84003DCABA /* Debug */,
				FD6C0980249B6E84003DCABA /* Release */,
			);
			defaultConfigurationIsVisible = 0;
			defaultConfigurationName = Release;
		};
		FD6C0981249B6E84003DCABA /* Build configuration list for PBXNativeTarget "VerticalScrollViewDemo" */ = {
			isa = XCConfigurationList;
			buildConfigurations = (
				FD6C0982249B6E84003DCABA /* Debug */,
				FD6C0983249B6E84003DCABA /* Release */,
			);
			defaultConfigurationIsVisible = 0;
			defaultConfigurationName = Release;
		};
/* End XCConfigurationList section */
	};
	rootObject = FD6C0960249B6E6F003DCABA /* Project object */;
}
